// !$*UTF8*$!
{
	archiveVersion = 1;
	classes = {
	};
	objectVersion = 50;
	objects = {

/* Begin PBXBuildFile section */
		16E5A513B1A66FE778487551 /* Pods_Foodprint.framework in Frameworks */ = {isa = PBXBuildFile; fileRef = 773687995A9FB4B17E1258AB /* Pods_Foodprint.framework */; };
		7B0A3B52229714B3007ADD4F /* SearchFoodsViewController.swift in Sources */ = {isa = PBXBuildFile; fileRef = 7B0A3B51229714B3007ADD4F /* SearchFoodsViewController.swift */; };
		7BF0671B218793D30072076D /* AppDelegate.swift in Sources */ = {isa = PBXBuildFile; fileRef = 7BF0671A218793D30072076D /* AppDelegate.swift */; };
		7BF06720218793D30072076D /* Main.storyboard in Resources */ = {isa = PBXBuildFile; fileRef = 7BF0671E218793D30072076D /* Main.storyboard */; };
		7BF06723218793D30072076D /* Foodprint.xcdatamodeld in Sources */ = {isa = PBXBuildFile; fileRef = 7BF06721218793D30072076D /* Foodprint.xcdatamodeld */; };
		7BF06725218793D50072076D /* Assets.xcassets in Resources */ = {isa = PBXBuildFile; fileRef = 7BF06724218793D50072076D /* Assets.xcassets */; };
		7BF06728218793D50072076D /* LaunchScreen.storyboard in Resources */ = {isa = PBXBuildFile; fileRef = 7BF06726218793D50072076D /* LaunchScreen.storyboard */; };
		7BF067322187FEAC0072076D /* RecipeResult.swift in Sources */ = {isa = PBXBuildFile; fileRef = 7BF067312187FEAC0072076D /* RecipeResult.swift */; };
		7BF067342187FEB20072076D /* Recipe.swift in Sources */ = {isa = PBXBuildFile; fileRef = 7BF067332187FEB20072076D /* Recipe.swift */; };
		7BF06736218804450072076D /* FoodEntry+Convenience.swift in Sources */ = {isa = PBXBuildFile; fileRef = 7BF06735218804450072076D /* FoodEntry+Convenience.swift */; };
		7BF06738218807200072076D /* FoodRep.swift in Sources */ = {isa = PBXBuildFile; fileRef = 7BF06737218807200072076D /* FoodRep.swift */; };
		7BF0673D2188A2B60072076D /* CoreDataStack.swift in Sources */ = {isa = PBXBuildFile; fileRef = 7BF0673C2188A2B60072076D /* CoreDataStack.swift */; };
		7BF067412188ADFD0072076D /* MyFoodDiaryTableViewController.swift in Sources */ = {isa = PBXBuildFile; fileRef = 7BF067402188ADFD0072076D /* MyFoodDiaryTableViewController.swift */; };
		7BF067442188AE2B0072076D /* HomeViewController.swift in Sources */ = {isa = PBXBuildFile; fileRef = 7BF067432188AE2A0072076D /* HomeViewController.swift */; };
		7BF067462188B1CB0072076D /* MealSnackDetailViewController.swift in Sources */ = {isa = PBXBuildFile; fileRef = 7BF067452188B1CB0072076D /* MealSnackDetailViewController.swift */; };
		7BF067482188D59B0072076D /* FoodsAddedTableViewController.swift in Sources */ = {isa = PBXBuildFile; fileRef = 7BF067472188D59B0072076D /* FoodsAddedTableViewController.swift */; };
		7BF0674A2188E1100072076D /* FoodResultTableViewCell.swift in Sources */ = {isa = PBXBuildFile; fileRef = 7BF067492188E1100072076D /* FoodResultTableViewCell.swift */; };
		7BF4F6922188FF1A006ABA3B /* Food+Convenience.swift in Sources */ = {isa = PBXBuildFile; fileRef = 7BF4F6912188FF1A006ABA3B /* Food+Convenience.swift */; };
		7BF4F6942189025A006ABA3B /* FoodEntryController.swift in Sources */ = {isa = PBXBuildFile; fileRef = 7BF4F6932189025A006ABA3B /* FoodEntryController.swift */; };
		7BF4F699218954C6006ABA3B /* DateExtension.swift in Sources */ = {isa = PBXBuildFile; fileRef = 7BF4F698218954C6006ABA3B /* DateExtension.swift */; };
		7BF4F69F218A71FF006ABA3B /* HTTPMethod.swift in Sources */ = {isa = PBXBuildFile; fileRef = 7BF4F69E218A71FE006ABA3B /* HTTPMethod.swift */; };
/* End PBXBuildFile section */

/* Begin PBXFileReference section */
		773687995A9FB4B17E1258AB /* Pods_Foodprint.framework */ = {isa = PBXFileReference; explicitFileType = wrapper.framework; includeInIndex = 0; path = Pods_Foodprint.framework; sourceTree = BUILT_PRODUCTS_DIR; };
		7B0A3B51229714B3007ADD4F /* SearchFoodsViewController.swift */ = {isa = PBXFileReference; lastKnownFileType = sourcecode.swift; path = SearchFoodsViewController.swift; sourceTree = "<group>"; };
		7BF06717218793D30072076D /* Foodprint.app */ = {isa = PBXFileReference; explicitFileType = wrapper.application; includeInIndex = 0; path = Foodprint.app; sourceTree = BUILT_PRODUCTS_DIR; };
		7BF0671A218793D30072076D /* AppDelegate.swift */ = {isa = PBXFileReference; lastKnownFileType = sourcecode.swift; path = AppDelegate.swift; sourceTree = "<group>"; };
		7BF0671F218793D30072076D /* Base */ = {isa = PBXFileReference; lastKnownFileType = file.storyboard; name = Base; path = Base.lproj/Main.storyboard; sourceTree = "<group>"; };
		7BF06722218793D30072076D /* Foodprint.xcdatamodel */ = {isa = PBXFileReference; lastKnownFileType = wrapper.xcdatamodel; path = Foodprint.xcdatamodel; sourceTree = "<group>"; };
		7BF06724218793D50072076D /* Assets.xcassets */ = {isa = PBXFileReference; lastKnownFileType = folder.assetcatalog; path = Assets.xcassets; sourceTree = "<group>"; };
		7BF06727218793D50072076D /* Base */ = {isa = PBXFileReference; lastKnownFileType = file.storyboard; name = Base; path = Base.lproj/LaunchScreen.storyboard; sourceTree = "<group>"; };
		7BF06729218793D50072076D /* Info.plist */ = {isa = PBXFileReference; lastKnownFileType = text.plist.xml; path = Info.plist; sourceTree = "<group>"; };
		7BF067312187FEAC0072076D /* RecipeResult.swift */ = {isa = PBXFileReference; lastKnownFileType = sourcecode.swift; path = RecipeResult.swift; sourceTree = "<group>"; };
		7BF067332187FEB20072076D /* Recipe.swift */ = {isa = PBXFileReference; lastKnownFileType = sourcecode.swift; path = Recipe.swift; sourceTree = "<group>"; };
		7BF06735218804450072076D /* FoodEntry+Convenience.swift */ = {isa = PBXFileReference; lastKnownFileType = sourcecode.swift; path = "FoodEntry+Convenience.swift"; sourceTree = "<group>"; };
		7BF06737218807200072076D /* FoodRep.swift */ = {isa = PBXFileReference; lastKnownFileType = sourcecode.swift; path = FoodRep.swift; sourceTree = "<group>"; };
		7BF0673C2188A2B60072076D /* CoreDataStack.swift */ = {isa = PBXFileReference; lastKnownFileType = sourcecode.swift; path = CoreDataStack.swift; sourceTree = "<group>"; };
		7BF067402188ADFD0072076D /* MyFoodDiaryTableViewController.swift */ = {isa = PBXFileReference; lastKnownFileType = sourcecode.swift; path = MyFoodDiaryTableViewController.swift; sourceTree = "<group>"; };
		7BF067432188AE2A0072076D /* HomeViewController.swift */ = {isa = PBXFileReference; fileEncoding = 4; lastKnownFileType = sourcecode.swift; path = HomeViewController.swift; sourceTree = "<group>"; };
		7BF067452188B1CB0072076D /* MealSnackDetailViewController.swift */ = {isa = PBXFileReference; lastKnownFileType = sourcecode.swift; path = MealSnackDetailViewController.swift; sourceTree = "<group>"; };
		7BF067472188D59B0072076D /* FoodsAddedTableViewController.swift */ = {isa = PBXFileReference; lastKnownFileType = sourcecode.swift; name = FoodsAddedTableViewController.swift; path = "Foodprint/View Controllers/FoodsAddedTableViewController.swift"; sourceTree = SOURCE_ROOT; };
		7BF067492188E1100072076D /* FoodResultTableViewCell.swift */ = {isa = PBXFileReference; lastKnownFileType = sourcecode.swift; path = FoodResultTableViewCell.swift; sourceTree = "<group>"; };
		7BF4F6912188FF1A006ABA3B /* Food+Convenience.swift */ = {isa = PBXFileReference; lastKnownFileType = sourcecode.swift; path = "Food+Convenience.swift"; sourceTree = "<group>"; };
		7BF4F6932189025A006ABA3B /* FoodEntryController.swift */ = {isa = PBXFileReference; lastKnownFileType = sourcecode.swift; path = FoodEntryController.swift; sourceTree = "<group>"; };
		7BF4F698218954C6006ABA3B /* DateExtension.swift */ = {isa = PBXFileReference; lastKnownFileType = sourcecode.swift; path = DateExtension.swift; sourceTree = "<group>"; };
		7BF4F69E218A71FE006ABA3B /* HTTPMethod.swift */ = {isa = PBXFileReference; lastKnownFileType = sourcecode.swift; path = HTTPMethod.swift; sourceTree = "<group>"; };
		C93283E5F1CCA76D781B6115 /* Pods-Foodprint.debug.xcconfig */ = {isa = PBXFileReference; includeInIndex = 1; lastKnownFileType = text.xcconfig; name = "Pods-Foodprint.debug.xcconfig"; path = "Target Support Files/Pods-Foodprint/Pods-Foodprint.debug.xcconfig"; sourceTree = "<group>"; };
		D786D305E37CF9F366DF8AFC /* Pods-Foodprint.release.xcconfig */ = {isa = PBXFileReference; includeInIndex = 1; lastKnownFileType = text.xcconfig; name = "Pods-Foodprint.release.xcconfig"; path = "Target Support Files/Pods-Foodprint/Pods-Foodprint.release.xcconfig"; sourceTree = "<group>"; };
/* End PBXFileReference section */

/* Begin PBXFrameworksBuildPhase section */
		7BF06714218793D30072076D /* Frameworks */ = {
			isa = PBXFrameworksBuildPhase;
			buildActionMask = 2147483647;
			files = (
				16E5A513B1A66FE778487551 /* Pods_Foodprint.framework in Frameworks */,
			);
			runOnlyForDeploymentPostprocessing = 0;
		};
/* End PBXFrameworksBuildPhase section */

/* Begin PBXGroup section */
		0B340FF2F83D082AE92FB050 /* Pods */ = {
			isa = PBXGroup;
			children = (
				C93283E5F1CCA76D781B6115 /* Pods-Foodprint.debug.xcconfig */,
				D786D305E37CF9F366DF8AFC /* Pods-Foodprint.release.xcconfig */,
			);
			path = Pods;
			sourceTree = "<group>";
		};
		2A31AFCAD1DA4CF48F165FD0 /* Frameworks */ = {
			isa = PBXGroup;
			children = (
				773687995A9FB4B17E1258AB /* Pods_Foodprint.framework */,
			);
			name = Frameworks;
			sourceTree = "<group>";
		};
		7BF0670E218793D30072076D = {
			isa = PBXGroup;
			children = (
				7BF06719218793D30072076D /* Foodprint */,
				7BF06718218793D30072076D /* Products */,
				0B340FF2F83D082AE92FB050 /* Pods */,
				2A31AFCAD1DA4CF48F165FD0 /* Frameworks */,
			);
			sourceTree = "<group>";
		};
		7BF06718218793D30072076D /* Products */ = {
			isa = PBXGroup;
			children = (
				7BF06717218793D30072076D /* Foodprint.app */,
			);
			name = Products;
			sourceTree = "<group>";
		};
		7BF06719218793D30072076D /* Foodprint */ = {
			isa = PBXGroup;
			children = (
				7BF4F69521894F36006ABA3B /* Model Controller */,
				7BF067422188AE040072076D /* View Controllers */,
				7BF0673A2188A1C60072076D /* Storyboard */,
				7BF06739218807CD0072076D /* Model */,
				7BF0673B2188A2000072076D /* Resources */,
			);
			path = Foodprint;
			sourceTree = "<group>";
		};
		7BF06739218807CD0072076D /* Model */ = {
			isa = PBXGroup;
			children = (
				7BF06735218804450072076D /* FoodEntry+Convenience.swift */,
				7BF4F6912188FF1A006ABA3B /* Food+Convenience.swift */,
				7BF06737218807200072076D /* FoodRep.swift */,
				7BF067332187FEB20072076D /* Recipe.swift */,
				7BF067312187FEAC0072076D /* RecipeResult.swift */,
				7BF06721218793D30072076D /* Foodprint.xcdatamodeld */,
			);
			path = Model;
			sourceTree = "<group>";
		};
		7BF0673A2188A1C60072076D /* Storyboard */ = {
			isa = PBXGroup;
			children = (
				7BF0671E218793D30072076D /* Main.storyboard */,
				7BF06726218793D50072076D /* LaunchScreen.storyboard */,
			);
			path = Storyboard;
			sourceTree = "<group>";
		};
		7BF0673B2188A2000072076D /* Resources */ = {
			isa = PBXGroup;
			children = (
				7BF06729218793D50072076D /* Info.plist */,
				7BF4F698218954C6006ABA3B /* DateExtension.swift */,
				7BF0673C2188A2B60072076D /* CoreDataStack.swift */,
				7BF4F69E218A71FE006ABA3B /* HTTPMethod.swift */,
				7BF0671A218793D30072076D /* AppDelegate.swift */,
				7BF06724218793D50072076D /* Assets.xcassets */,
			);
			path = Resources;
			sourceTree = "<group>";
		};
		7BF067422188AE040072076D /* View Controllers */ = {
			isa = PBXGroup;
			children = (
				7BF067432188AE2A0072076D /* HomeViewController.swift */,
				7BF067402188ADFD0072076D /* MyFoodDiaryTableViewController.swift */,
				7BF067452188B1CB0072076D /* MealSnackDetailViewController.swift */,
				7B0A3B51229714B3007ADD4F /* SearchFoodsViewController.swift */,
				7BF067472188D59B0072076D /* FoodsAddedTableViewController.swift */,
				7BF067492188E1100072076D /* FoodResultTableViewCell.swift */,
			);
			path = "View Controllers";
			sourceTree = "<group>";
		};
		7BF4F69521894F36006ABA3B /* Model Controller */ = {
			isa = PBXGroup;
			children = (
				7BF4F6932189025A006ABA3B /* FoodEntryController.swift */,
			);
			path = "Model Controller";
			sourceTree = "<group>";
		};
/* End PBXGroup section */

/* Begin PBXNativeTarget section */
		7BF06716218793D30072076D /* Foodprint */ = {
			isa = PBXNativeTarget;
			buildConfigurationList = 7BF0672C218793D50072076D /* Build configuration list for PBXNativeTarget "Foodprint" */;
			buildPhases = (
				EEC86442977C09EC0E15A1C0 /* [CP] Check Pods Manifest.lock */,
				7BF06713218793D30072076D /* Sources */,
				7BF06714218793D30072076D /* Frameworks */,
				7BF06715218793D30072076D /* Resources */,
				20670A901ED99BB2D744F77F /* [CP] Embed Pods Frameworks */,
			);
			buildRules = (
			);
			dependencies = (
			);
			name = Foodprint;
			productName = Foodprint;
			productReference = 7BF06717218793D30072076D /* Foodprint.app */;
			productType = "com.apple.product-type.application";
		};
/* End PBXNativeTarget section */

/* Begin PBXProject section */
		7BF0670F218793D30072076D /* Project object */ = {
			isa = PBXProject;
			attributes = {
				LastSwiftUpdateCheck = 1000;
				LastUpgradeCheck = 1000;
				ORGANIZATIONNAME = "Daniela Parra";
				TargetAttributes = {
					7BF06716218793D30072076D = {
						CreatedOnToolsVersion = 10.0;
						LastSwiftMigration = 1020;
					};
				};
			};
			buildConfigurationList = 7BF06712218793D30072076D /* Build configuration list for PBXProject "Foodprint" */;
			compatibilityVersion = "Xcode 9.3";
			developmentRegion = en;
			hasScannedForEncodings = 0;
			knownRegions = (
				en,
				Base,
			);
			mainGroup = 7BF0670E218793D30072076D;
			productRefGroup = 7BF06718218793D30072076D /* Products */;
			projectDirPath = "";
			projectRoot = "";
			targets = (
				7BF06716218793D30072076D /* Foodprint */,
			);
		};
/* End PBXProject section */

/* Begin PBXResourcesBuildPhase section */
		7BF06715218793D30072076D /* Resources */ = {
			isa = PBXResourcesBuildPhase;
			buildActionMask = 2147483647;
			files = (
				7BF06728218793D50072076D /* LaunchScreen.storyboard in Resources */,
				7BF06725218793D50072076D /* Assets.xcassets in Resources */,
				7BF06720218793D30072076D /* Main.storyboard in Resources */,
			);
			runOnlyForDeploymentPostprocessing = 0;
		};
/* End PBXResourcesBuildPhase section */

/* Begin PBXShellScriptBuildPhase section */
		20670A901ED99BB2D744F77F /* [CP] Embed Pods Frameworks */ = {
			isa = PBXShellScriptBuildPhase;
			buildActionMask = 2147483647;
			files = (
			);
			inputFileListPaths = (
			);
			inputPaths = (
				"${PODS_ROOT}/Target Support Files/Pods-Foodprint/Pods-Foodprint-frameworks.sh",
				"${BUILT_PRODUCTS_DIR}/SwiftChart/SwiftChart.framework",
			);
			name = "[CP] Embed Pods Frameworks";
			outputFileListPaths = (
			);
			outputPaths = (
				"${TARGET_BUILD_DIR}/${FRAMEWORKS_FOLDER_PATH}/SwiftChart.framework",
			);
			runOnlyForDeploymentPostprocessing = 0;
			shellPath = /bin/sh;
			shellScript = "\"${PODS_ROOT}/Target Support Files/Pods-Foodprint/Pods-Foodprint-frameworks.sh\"\n";
			showEnvVarsInLog = 0;
		};
		EEC86442977C09EC0E15A1C0 /* [CP] Check Pods Manifest.lock */ = {
			isa = PBXShellScriptBuildPhase;
			buildActionMask = 2147483647;
			files = (
			);
			inputFileListPaths = (
			);
			inputPaths = (
				"${PODS_PODFILE_DIR_PATH}/Podfile.lock",
				"${PODS_ROOT}/Manifest.lock",
			);
			name = "[CP] Check Pods Manifest.lock";
			outputFileListPaths = (
			);
			outputPaths = (
				"$(DERIVED_FILE_DIR)/Pods-Foodprint-checkManifestLockResult.txt",
			);
			runOnlyForDeploymentPostprocessing = 0;
			shellPath = /bin/sh;
			shellScript = "diff \"${PODS_PODFILE_DIR_PATH}/Podfile.lock\" \"${PODS_ROOT}/Manifest.lock\" > /dev/null\nif [ $? != 0 ] ; then\n    # print error to STDERR\n    echo \"error: The sandbox is not in sync with the Podfile.lock. Run 'pod install' or update your CocoaPods installation.\" >&2\n    exit 1\nfi\n# This output is used by Xcode 'outputs' to avoid re-running this script phase.\necho \"SUCCESS\" > \"${SCRIPT_OUTPUT_FILE_0}\"\n";
			showEnvVarsInLog = 0;
		};
/* End PBXShellScriptBuildPhase section */

/* Begin PBXSourcesBuildPhase section */
		7BF06713218793D30072076D /* Sources */ = {
			isa = PBXSourcesBuildPhase;
			buildActionMask = 2147483647;
			files = (
				7BF0673D2188A2B60072076D /* CoreDataStack.swift in Sources */,
				7BF067322187FEAC0072076D /* RecipeResult.swift in Sources */,
				7BF4F6922188FF1A006ABA3B /* Food+Convenience.swift in Sources */,
				7BF067412188ADFD0072076D /* MyFoodDiaryTableViewController.swift in Sources */,
				7BF06736218804450072076D /* FoodEntry+Convenience.swift in Sources */,
				7BF067342187FEB20072076D /* Recipe.swift in Sources */,
				7BF0674A2188E1100072076D /* FoodResultTableViewCell.swift in Sources */,
				7BF067442188AE2B0072076D /* HomeViewController.swift in Sources */,
				7BF4F699218954C6006ABA3B /* DateExtension.swift in Sources */,
				7BF06738218807200072076D /* FoodRep.swift in Sources */,
				7BF06723218793D30072076D /* Foodprint.xcdatamodeld in Sources */,
				7BF4F6942189025A006ABA3B /* FoodEntryController.swift in Sources */,
				7BF4F69F218A71FF006ABA3B /* HTTPMethod.swift in Sources */,
				7BF067462188B1CB0072076D /* MealSnackDetailViewController.swift in Sources */,
				7B0A3B52229714B3007ADD4F /* SearchFoodsViewController.swift in Sources */,
				7BF067482188D59B0072076D /* FoodsAddedTableViewController.swift in Sources */,
				7BF0671B218793D30072076D /* AppDelegate.swift in Sources */,
			);
			runOnlyForDeploymentPostprocessing = 0;
		};
/* End PBXSourcesBuildPhase section */

/* Begin PBXVariantGroup section */
		7BF0671E218793D30072076D /* Main.storyboard */ = {
			isa = PBXVariantGroup;
			children = (
				7BF0671F218793D30072076D /* Base */,
			);
			name = Main.storyboard;
			sourceTree = "<group>";
		};
		7BF06726218793D50072076D /* LaunchScreen.storyboard */ = {
			isa = PBXVariantGroup;
			children = (
				7BF06727218793D50072076D /* Base */,
			);
			name = LaunchScreen.storyboard;
			sourceTree = "<group>";
		};
/* End PBXVariantGroup section */

/* Begin XCBuildConfiguration section */
		7BF0672A218793D50072076D /* Debug */ = {
			isa = XCBuildConfiguration;
			buildSettings = {
				ALWAYS_SEARCH_USER_PATHS = NO;
				CLANG_ANALYZER_NONNULL = YES;
				CLANG_ANALYZER_NUMBER_OBJECT_CONVERSION = YES_AGGRESSIVE;
				CLANG_CXX_LANGUAGE_STANDARD = "gnu++14";
				CLANG_CXX_LIBRARY = "libc++";
				CLANG_ENABLE_MODULES = YES;
				CLANG_ENABLE_OBJC_ARC = YES;
				CLANG_ENABLE_OBJC_WEAK = YES;
				CLANG_WARN_BLOCK_CAPTURE_AUTORELEASING = YES;
				CLANG_WARN_BOOL_CONVERSION = YES;
				CLANG_WARN_COMMA = YES;
				CLANG_WARN_CONSTANT_CONVERSION = YES;
				CLANG_WARN_DEPRECATED_OBJC_IMPLEMENTATIONS = YES;
				CLANG_WARN_DIRECT_OBJC_ISA_USAGE = YES_ERROR;
				CLANG_WARN_DOCUMENTATION_COMMENTS = YES;
				CLANG_WARN_EMPTY_BODY = YES;
				CLANG_WARN_ENUM_CONVERSION = YES;
				CLANG_WARN_INFINITE_RECURSION = YES;
				CLANG_WARN_INT_CONVERSION = YES;
				CLANG_WARN_NON_LITERAL_NULL_CONVERSION = YES;
				CLANG_WARN_OBJC_IMPLICIT_RETAIN_SELF = YES;
				CLANG_WARN_OBJC_LITERAL_CONVERSION = YES;
				CLANG_WARN_OBJC_ROOT_CLASS = YES_ERROR;
				CLANG_WARN_RANGE_LOOP_ANALYSIS = YES;
				CLANG_WARN_STRICT_PROTOTYPES = YES;
				CLANG_WARN_SUSPICIOUS_MOVE = YES;
				CLANG_WARN_UNGUARDED_AVAILABILITY = YES_AGGRESSIVE;
				CLANG_WARN_UNREACHABLE_CODE = YES;
				CLANG_WARN__DUPLICATE_METHOD_MATCH = YES;
				CODE_SIGN_IDENTITY = "iPhone Developer";
				COPY_PHASE_STRIP = NO;
				DEBUG_INFORMATION_FORMAT = dwarf;
				ENABLE_STRICT_OBJC_MSGSEND = YES;
				ENABLE_TESTABILITY = YES;
				GCC_C_LANGUAGE_STANDARD = gnu11;
				GCC_DYNAMIC_NO_PIC = NO;
				GCC_NO_COMMON_BLOCKS = YES;
				GCC_OPTIMIZATION_LEVEL = 0;
				GCC_PREPROCESSOR_DEFINITIONS = (
					"DEBUG=1",
					"$(inherited)",
				);
				GCC_WARN_64_TO_32_BIT_CONVERSION = YES;
				GCC_WARN_ABOUT_RETURN_TYPE = YES_ERROR;
				GCC_WARN_UNDECLARED_SELECTOR = YES;
				GCC_WARN_UNINITIALIZED_AUTOS = YES_AGGRESSIVE;
				GCC_WARN_UNUSED_FUNCTION = YES;
				GCC_WARN_UNUSED_VARIABLE = YES;
				IPHONEOS_DEPLOYMENT_TARGET = 12.0;
				MTL_ENABLE_DEBUG_INFO = INCLUDE_SOURCE;
				MTL_FAST_MATH = YES;
				ONLY_ACTIVE_ARCH = YES;
				SDKROOT = iphoneos;
				SWIFT_ACTIVE_COMPILATION_CONDITIONS = DEBUG;
				SWIFT_OPTIMIZATION_LEVEL = "-Onone";
			};
			name = Debug;
		};
		7BF0672B218793D50072076D /* Release */ = {
			isa = XCBuildConfiguration;
			buildSettings = {
				ALWAYS_SEARCH_USER_PATHS = NO;
				CLANG_ANALYZER_NONNULL = YES;
				CLANG_ANALYZER_NUMBER_OBJECT_CONVERSION = YES_AGGRESSIVE;
				CLANG_CXX_LANGUAGE_STANDARD = "gnu++14";
				CLANG_CXX_LIBRARY = "libc++";
				CLANG_ENABLE_MODULES = YES;
				CLANG_ENABLE_OBJC_ARC = YES;
				CLANG_ENABLE_OBJC_WEAK = YES;
				CLANG_WARN_BLOCK_CAPTURE_AUTORELEASING = YES;
				CLANG_WARN_BOOL_CONVERSION = YES;
				CLANG_WARN_COMMA = YES;
				CLANG_WARN_CONSTANT_CONVERSION = YES;
				CLANG_WARN_DEPRECATED_OBJC_IMPLEMENTATIONS = YES;
				CLANG_WARN_DIRECT_OBJC_ISA_USAGE = YES_ERROR;
				CLANG_WARN_DOCUMENTATION_COMMENTS = YES;
				CLANG_WARN_EMPTY_BODY = YES;
				CLANG_WARN_ENUM_CONVERSION = YES;
				CLANG_WARN_INFINITE_RECURSION = YES;
				CLANG_WARN_INT_CONVERSION = YES;
				CLANG_WARN_NON_LITERAL_NULL_CONVERSION = YES;
				CLANG_WARN_OBJC_IMPLICIT_RETAIN_SELF = YES;
				CLANG_WARN_OBJC_LITERAL_CONVERSION = YES;
				CLANG_WARN_OBJC_ROOT_CLASS = YES_ERROR;
				CLANG_WARN_RANGE_LOOP_ANALYSIS = YES;
				CLANG_WARN_STRICT_PROTOTYPES = YES;
				CLANG_WARN_SUSPICIOUS_MOVE = YES;
				CLANG_WARN_UNGUARDED_AVAILABILITY = YES_AGGRESSIVE;
				CLANG_WARN_UNREACHABLE_CODE = YES;
				CLANG_WARN__DUPLICATE_METHOD_MATCH = YES;
				CODE_SIGN_IDENTITY = "iPhone Developer";
				COPY_PHASE_STRIP = NO;
				DEBUG_INFORMATION_FORMAT = "dwarf-with-dsym";
				ENABLE_NS_ASSERTIONS = NO;
				ENABLE_STRICT_OBJC_MSGSEND = YES;
				GCC_C_LANGUAGE_STANDARD = gnu11;
				GCC_NO_COMMON_BLOCKS = YES;
				GCC_WARN_64_TO_32_BIT_CONVERSION = YES;
				GCC_WARN_ABOUT_RETURN_TYPE = YES_ERROR;
				GCC_WARN_UNDECLARED_SELECTOR = YES;
				GCC_WARN_UNINITIALIZED_AUTOS = YES_AGGRESSIVE;
				GCC_WARN_UNUSED_FUNCTION = YES;
				GCC_WARN_UNUSED_VARIABLE = YES;
				IPHONEOS_DEPLOYMENT_TARGET = 12.0;
				MTL_ENABLE_DEBUG_INFO = NO;
				MTL_FAST_MATH = YES;
				SDKROOT = iphoneos;
				SWIFT_COMPILATION_MODE = wholemodule;
				SWIFT_OPTIMIZATION_LEVEL = "-O";
				VALIDATE_PRODUCT = YES;
			};
			name = Release;
		};
		7BF0672D218793D50072076D /* Debug */ = {
			isa = XCBuildConfiguration;
			baseConfigurationReference = C93283E5F1CCA76D781B6115 /* Pods-Foodprint.debug.xcconfig */;
			buildSettings = {
				ASSETCATALOG_COMPILER_APPICON_NAME = AppIcon;
				CODE_SIGN_STYLE = Automatic;
				INFOPLIST_FILE = "$(SRCROOT)/Foodprint/Resources/Info.plist";
				LD_RUNPATH_SEARCH_PATHS = (
					"$(inherited)",
					"@executable_path/Frameworks",
				);
				PRODUCT_BUNDLE_IDENTIFIER = com.Daniela.Foodprint;
				PRODUCT_NAME = "$(TARGET_NAME)";
				SWIFT_VERSION = 5.0;
				TARGETED_DEVICE_FAMILY = "1,2";
			};
			name = Debug;
		};
		7BF0672E218793D50072076D /* Release */ = {
			isa = XCBuildConfiguration;
			baseConfigurationReference = D786D305E37CF9F366DF8AFC /* Pods-Foodprint.release.xcconfig */;
			buildSettings = {
				ASSETCATALOG_COMPILER_APPICON_NAME = AppIcon;
				CODE_SIGN_STYLE = Automatic;
				INFOPLIST_FILE = "$(SRCROOT)/Foodprint/Resources/Info.plist";
				LD_RUNPATH_SEARCH_PATHS = (
					"$(inherited)",
					"@executable_path/Frameworks",
				);
				PRODUCT_BUNDLE_IDENTIFIER = com.Daniela.Foodprint;
				PRODUCT_NAME = "$(TARGET_NAME)";
				SWIFT_VERSION = 5.0;
				TARGETED_DEVICE_FAMILY = "1,2";
			};
			name = Release;
		};
/* End XCBuildConfiguration section */

/* Begin XCConfigurationList section */
		7BF06712218793D30072076D /* Build configuration list for PBXProject "Foodprint" */ = {
			isa = XCConfigurationList;
			buildConfigurations = (
				7BF0672A218793D50072076D /* Debug */,
				7BF0672B218793D50072076D /* Release */,
			);
			defaultConfigurationIsVisible = 0;
			defaultConfigurationName = Release;
		};
		7BF0672C218793D50072076D /* Build configuration list for PBXNativeTarget "Foodprint" */ = {
			isa = XCConfigurationList;
			buildConfigurations = (
				7BF0672D218793D50072076D /* Debug */,
				7BF0672E218793D50072076D /* Release */,
			);
			defaultConfigurationIsVisible = 0;
			defaultConfigurationName = Release;
		};
/* End XCConfigurationList section */

/* Begin XCVersionGroup section */
		7BF06721218793D30072076D /* Foodprint.xcdatamodeld */ = {
			isa = XCVersionGroup;
			children = (
				7BF06722218793D30072076D /* Foodprint.xcdatamodel */,
			);
			currentVersion = 7BF06722218793D30072076D /* Foodprint.xcdatamodel */;
			path = Foodprint.xcdatamodeld;
			sourceTree = "<group>";
			versionGroupType = wrapper.xcdatamodel;
		};
/* End XCVersionGroup section */
	};
	rootObject = 7BF0670F218793D30072076D /* Project object */;
}
